// !$*UTF8*$!
{
	archiveVersion = 1;
	classes = {
	};
	objectVersion = 50;
	objects = {

/* Begin PBXFileReference section */
		6E00685922552FC700156121 /* README.md */ = {isa = PBXFileReference; lastKnownFileType = net.daringfireball.markdown; path = README.md; sourceTree = "<group>"; };
		6EA947162255254000572601 /* no-interactive-login.sh */ = {isa = PBXFileReference; lastKnownFileType = text.script.sh; path = "no-interactive-login.sh"; sourceTree = "<group>"; };
		6EA947172255256A00572601 /* help.sh */ = {isa = PBXFileReference; lastKnownFileType = text.script.sh; path = help.sh; sourceTree = "<group>"; };
		6EA947182255259D00572601 /* git-create-repository.sh */ = {isa = PBXFileReference; lastKnownFileType = text.script.sh; path = "git-create-repository.sh"; sourceTree = "<group>"; };
		6EA947192255262800572601 /* CreateDirectoryGSC.sh */ = {isa = PBXFileReference; lastKnownFileType = text.script.sh; path = CreateDirectoryGSC.sh; sourceTree = "<group>"; };
		6EA9471A2255271300572601 /* FixGSCpermissions.sh */ = {isa = PBXFileReference; lastKnownFileType = text.script.sh; path = FixGSCpermissions.sh; sourceTree = "<group>"; };
/* End PBXFileReference section */

/* Begin PBXGroup section */
		6EA9470F225524DC00572601 = {
			isa = PBXGroup;
			children = (
				6E00685922552FC700156121 /* README.md */,
				6EA9471A2255271300572601 /* FixGSCpermissions.sh */,
				6EA947192255262800572601 /* CreateDirectoryGSC.sh */,
				6EA947182255259D00572601 /* git-create-repository.sh */,
				6EA947172255256A00572601 /* help.sh */,
				6EA947162255254000572601 /* no-interactive-login.sh */,
			);
			sourceTree = "<group>";
		};
/* End PBXGroup section */

/* Begin PBXProject section */
		6EA94710225524DC00572601 /* Project object */ = {
			isa = PBXProject;
			attributes = {
				LastUpgradeCheck = 1010;
			};
			buildConfigurationList = 6EA94713225524DC00572601 /* Build configuration list for PBXProject "SynologyGitUsability" */;
			compatibilityVersion = "Xcode 9.3";
			developmentRegion = en;
			hasScannedForEncodings = 0;
			knownRegions = (
				en,
			);
			mainGroup = 6EA9470F225524DC00572601;
			projectDirPath = "";
			projectRoot = "";
			targets = (
			);
		};
/* End PBXProject section */

/* Begin XCBuildConfiguration section */
		6EA94714225524DC00572601 /* Debug */ = {
			isa = XCBuildConfiguration;
			buildSettings = {
			};
			name = Debug;
		};
		6EA94715225524DC00572601 /* Release */ = {
			isa = XCBuildConfiguration;
			buildSettings = {
			};
			name = Release;
		};
/* End XCBuildConfiguration section */

/* Begin XCConfigurationList section */
		6EA94713225524DC00572601 /* Build configuration list for PBXProject "SynologyGitUsability" */ = {
			isa = XCConfigurationList;
			buildConfigurations = (
				6EA94714225524DC00572601 /* Debug */,
				6EA94715225524DC00572601 /* Release */,
			);
			defaultConfigurationIsVisible = 0;
			defaultConfigurationName = Release;
		};
/* End XCConfigurationList section */
	};
	rootObject = 6EA94710225524DC00572601 /* Project object */;
}
